
Microsoft Visual Studio Solution File, Format Version 12.00
# Visual Studio Version 16
VisualStudioVersion = 16.0.31025.194
MinimumVisualStudioVersion = 10.0.40219.1
Project("{FAE04EC0-301F-11D3-BF4B-00C04F79EFBC}") = "CalendarWithApi", "CalendarWithApi\CalendarWithApi.csproj", "{DB3A45E1-2928-4509-9AC0-2D6E1636E86B}"
EndProject
Global
	GlobalSection(SolutionConfigurationPlatforms) = preSolution
		Debug|Any CPU = Debug|Any CPU
		Release|Any CPU = Release|Any CPU
	EndGlobalSection
	GlobalSection(ProjectConfigurationPlatforms) = postSolution
		{DB3A45E1-2928-4509-9AC0-2D6E1636E86B}.Debug|Any CPU.ActiveCfg = Debug|Any CPU
		{DB3A45E1-2928-4509-9AC0-2D6E1636E86B}.Debug|Any CPU.Build.0 = Debug|Any CPU
		{DB3A45E1-2928-4509-9AC0-2D6E1636E86B}.Release|Any CPU.ActiveCfg = Release|Any CPU
		{DB3A45E1-2928-4509-9AC0-2D6E1636E86B}.Release|Any CPU.Build.0 = Release|Any CPU
	EndGlobalSection
	GlobalSection(SolutionProperties) = preSolution
		HideSolutionNode = FALSE
	EndGlobalSection
	GlobalSection(ExtensibilityGlobals) = postSolution
		SolutionGuid = {E6177452-A6D1-4C2E-AE93-53924D54191C}
	EndGlobalSection
EndGlobal
